
Microsoft Visual Studio Solution File, Format Version 12.00
# Visual Studio 14
VisualStudioVersion = 14.0.25420.1
MinimumVisualStudioVersion = 10.0.40219.1
Project("{FAE04EC0-301F-11D3-BF4B-00C04F79EFBC}") = "WindowsServiceTest", "WindowsServiceTest\WindowsServiceTest.csproj", "{9AB1C961-8967-4B22-AFDC-A72A01C6410E}"
EndProject
Project("{FAE04EC0-301F-11D3-BF4B-00C04F79EFBC}") = "ReadMessage", "ReadMessage\ReadMessage\ReadMessage.csproj", "{B6436A16-432E-4A88-9BE1-C4E79BA07296}"
EndProject
Project("{FAE04EC0-301F-11D3-BF4B-00C04F79EFBC}") = "Brilliantech.Framwork", "Brilliantech.Framwork\Brilliantech.Framwork.csproj", "{9B5F850A-5136-4095-8955-6C4F7747C48A}"
EndProject
Project("{FAE04EC0-301F-11D3-BF4B-00C04F79EFBC}") = "ScmWcfService", "ScmWcfService\ScmWcfService.csproj", "{C93C0D82-867E-441C-9F9D-E39285F97D4A}"
EndProject
Global
	GlobalSection(SolutionConfigurationPlatforms) = preSolution
		Debug|Any CPU = Debug|Any CPU
		Release|Any CPU = Release|Any CPU
	EndGlobalSection
	GlobalSection(ProjectConfigurationPlatforms) = postSolution
		{9AB1C961-8967-4B22-AFDC-A72A01C6410E}.Debug|Any CPU.ActiveCfg = Debug|Any CPU
		{9AB1C961-8967-4B22-AFDC-A72A01C6410E}.Debug|Any CPU.Build.0 = Debug|Any CPU
		{9AB1C961-8967-4B22-AFDC-A72A01C6410E}.Release|Any CPU.ActiveCfg = Release|Any CPU
		{9AB1C961-8967-4B22-AFDC-A72A01C6410E}.Release|Any CPU.Build.0 = Release|Any CPU
		{B6436A16-432E-4A88-9BE1-C4E79BA07296}.Debug|Any CPU.ActiveCfg = Debug|Any CPU
		{B6436A16-432E-4A88-9BE1-C4E79BA07296}.Debug|Any CPU.Build.0 = Debug|Any CPU
		{B6436A16-432E-4A88-9BE1-C4E79BA07296}.Release|Any CPU.ActiveCfg = Release|Any CPU
		{B6436A16-432E-4A88-9BE1-C4E79BA07296}.Release|Any CPU.Build.0 = Release|Any CPU
		{9B5F850A-5136-4095-8955-6C4F7747C48A}.Debug|Any CPU.ActiveCfg = Debug|Any CPU
		{9B5F850A-5136-4095-8955-6C4F7747C48A}.Debug|Any CPU.Build.0 = Debug|Any CPU
		{9B5F850A-5136-4095-8955-6C4F7747C48A}.Release|Any CPU.ActiveCfg = Release|Any CPU
		{9B5F850A-5136-4095-8955-6C4F7747C48A}.Release|Any CPU.Build.0 = Release|Any CPU
		{C93C0D82-867E-441C-9F9D-E39285F97D4A}.Debug|Any CPU.ActiveCfg = Debug|Any CPU
		{C93C0D82-867E-441C-9F9D-E39285F97D4A}.Debug|Any CPU.Build.0 = Debug|Any CPU
		{C93C0D82-867E-441C-9F9D-E39285F97D4A}.Release|Any CPU.ActiveCfg = Release|Any CPU
		{C93C0D82-867E-441C-9F9D-E39285F97D4A}.Release|Any CPU.Build.0 = Release|Any CPU
	EndGlobalSection
	GlobalSection(SolutionProperties) = preSolution
		HideSolutionNode = FALSE
	EndGlobalSection
EndGlobal
