
Microsoft Visual Studio Solution File, Format Version 11.00
# Visual Studio 14
VisualStudioVersion = 10.0.25420.1
MinimumVisualStudioVersion = 10.0.40219.1
Project("{FAE04EC0-301F-11D3-BF4B-00C04F79EFBC}") = "智能仓库控制系统", "智能仓库控制系统\智能仓库控制系统.csproj", "{8275EB62-8A2F-4524-9102-C2E526D61CDE}"
EndProject
Project("{FAE04EC0-301F-11D3-BF4B-00C04F79EFBC}") = "路径绘图", "路径绘图\路径绘图\路径绘图.csproj", "{4359EC6D-A146-4770-97A6-F80694A6A291}"
EndProject
Global
	GlobalSection(SolutionConfigurationPlatforms) = preSolution
		Debug|Any CPU = Debug|Any CPU
		Release|Any CPU = Release|Any CPU
	EndGlobalSection
	GlobalSection(ProjectConfigurationPlatforms) = postSolution
		{8275EB62-8A2F-4524-9102-C2E526D61CDE}.Debug|Any CPU.ActiveCfg = Debug|Any CPU
		{8275EB62-8A2F-4524-9102-C2E526D61CDE}.Debug|Any CPU.Build.0 = Debug|Any CPU
		{8275EB62-8A2F-4524-9102-C2E526D61CDE}.Release|Any CPU.ActiveCfg = Release|Any CPU
		{8275EB62-8A2F-4524-9102-C2E526D61CDE}.Release|Any CPU.Build.0 = Release|Any CPU
		{4359EC6D-A146-4770-97A6-F80694A6A291}.Debug|Any CPU.ActiveCfg = Debug|Any CPU
		{4359EC6D-A146-4770-97A6-F80694A6A291}.Debug|Any CPU.Build.0 = Debug|Any CPU
		{4359EC6D-A146-4770-97A6-F80694A6A291}.Release|Any CPU.ActiveCfg = Release|Any CPU
		{4359EC6D-A146-4770-97A6-F80694A6A291}.Release|Any CPU.Build.0 = Release|Any CPU
	EndGlobalSection
	GlobalSection(SolutionProperties) = preSolution
		HideSolutionNode = FALSE
	EndGlobalSection
EndGlobal
